
Microsoft Visual Studio Solution File, Format Version 12.00
# Visual Studio Version 17
VisualStudioVersion = 17.3.32929.385
MinimumVisualStudioVersion = 10.0.40219.1
Project("{9A19103F-16F7-4668-BE54-9A1E7A4F7556}") = "lab12", "lab11\lab12.csproj", "{CA03C0A1-C327-423D-BA0B-38AFC9F4F4B5}"
EndProject
Project("{9A19103F-16F7-4668-BE54-9A1E7A4F7556}") = "OOP__lab10", "..\OOP__lab10\OOP__lab10\OOP__lab10.csproj", "{7CF1F82A-0BCB-4D42-BFF5-76B6350271E5}"
EndProject
Global
	GlobalSection(SolutionConfigurationPlatforms) = preSolution
		Debug|Any CPU = Debug|Any CPU
		Release|Any CPU = Release|Any CPU
	EndGlobalSection
	GlobalSection(ProjectConfigurationPlatforms) = postSolution
		{CA03C0A1-C327-423D-BA0B-38AFC9F4F4B5}.Debug|Any CPU.ActiveCfg = Debug|Any CPU
		{CA03C0A1-C327-423D-BA0B-38AFC9F4F4B5}.Debug|Any CPU.Build.0 = Debug|Any CPU
		{CA03C0A1-C327-423D-BA0B-38AFC9F4F4B5}.Release|Any CPU.ActiveCfg = Release|Any CPU
		{CA03C0A1-C327-423D-BA0B-38AFC9F4F4B5}.Release|Any CPU.Build.0 = Release|Any CPU
		{7CF1F82A-0BCB-4D42-BFF5-76B6350271E5}.Debug|Any CPU.ActiveCfg = Debug|Any CPU
		{7CF1F82A-0BCB-4D42-BFF5-76B6350271E5}.Debug|Any CPU.Build.0 = Debug|Any CPU
		{7CF1F82A-0BCB-4D42-BFF5-76B6350271E5}.Release|Any CPU.ActiveCfg = Release|Any CPU
		{7CF1F82A-0BCB-4D42-BFF5-76B6350271E5}.Release|Any CPU.Build.0 = Release|Any CPU
	EndGlobalSection
	GlobalSection(SolutionProperties) = preSolution
		HideSolutionNode = FALSE
	EndGlobalSection
	GlobalSection(ExtensibilityGlobals) = postSolution
		SolutionGuid = {41A60E09-C8F5-4802-86FC-FBD3EE4FAD9E}
	EndGlobalSection
EndGlobal
